// !$*UTF8*$!
{
	archiveVersion = 1;
	classes = {
	};
	objectVersion = 46;
	objects = {

/* Begin PBXBuildFile section */
		8A1014C01DB033B700028C7D /* main.m in Sources */ = {isa = PBXBuildFile; fileRef = 8A1014BF1DB033B700028C7D /* main.m */; };
		8A1014C31DB033B700028C7D /* AppDelegate.m in Sources */ = {isa = PBXBuildFile; fileRef = 8A1014C21DB033B700028C7D /* AppDelegate.m */; };
		8A1014C61DB033B700028C7D /* ViewController.m in Sources */ = {isa = PBXBuildFile; fileRef = 8A1014C51DB033B700028C7D /* ViewController.m */; };
		8A1014C91DB033B700028C7D /* Main.storyboard in Resources */ = {isa = PBXBuildFile; fileRef = 8A1014C71DB033B700028C7D /* Main.storyboard */; };
		8A1014CC1DB033B700028C7D /* IMBD.xcdatamodeld in Sources */ = {isa = PBXBuildFile; fileRef = 8A1014CA1DB033B700028C7D /* IMBD.xcdatamodeld */; };
		8A1014CE1DB033B700028C7D /* Assets.xcassets in Resources */ = {isa = PBXBuildFile; fileRef = 8A1014CD1DB033B700028C7D /* Assets.xcassets */; };
		8A1014D11DB033B700028C7D /* LaunchScreen.storyboard in Resources */ = {isa = PBXBuildFile; fileRef = 8A1014CF1DB033B700028C7D /* LaunchScreen.storyboard */; };
		8A1014DC1DB033B700028C7D /* IMBDTests.m in Sources */ = {isa = PBXBuildFile; fileRef = 8A1014DB1DB033B700028C7D /* IMBDTests.m */; };
		8A1014E71DB033B700028C7D /* IMBDUITests.m in Sources */ = {isa = PBXBuildFile; fileRef = 8A1014E61DB033B700028C7D /* IMBDUITests.m */; };
/* End PBXBuildFile section */

/* Begin PBXContainerItemProxy section */
		8A1014D81DB033B700028C7D /* PBXContainerItemProxy */ = {
			isa = PBXContainerItemProxy;
			containerPortal = 8A1014B31DB033B600028C7D /* Project object */;
			proxyType = 1;
			remoteGlobalIDString = 8A1014BA1DB033B600028C7D;
			remoteInfo = IMBD;
		};
		8A1014E31DB033B700028C7D /* PBXContainerItemProxy */ = {
			isa = PBXContainerItemProxy;
			containerPortal = 8A1014B31DB033B600028C7D /* Project object */;
			proxyType = 1;
			remoteGlobalIDString = 8A1014BA1DB033B600028C7D;
			remoteInfo = IMBD;
		};
/* End PBXContainerItemProxy section */

/* Begin PBXFileReference section */
		8A1014BB1DB033B600028C7D /* IMBD.app */ = {isa = PBXFileReference; explicitFileType = wrapper.application; includeInIndex = 0; path = IMBD.app; sourceTree = BUILT_PRODUCTS_DIR; };
		8A1014BF1DB033B700028C7D /* main.m */ = {isa = PBXFileReference; lastKnownFileType = sourcecode.c.objc; path = main.m; sourceTree = "<group>"; };
		8A1014C11DB033B700028C7D /* AppDelegate.h */ = {isa = PBXFileReference; lastKnownFileType = sourcecode.c.h; path = AppDelegate.h; sourceTree = "<group>"; };
		8A1014C21DB033B700028C7D /* AppDelegate.m */ = {isa = PBXFileReference; lastKnownFileType = sourcecode.c.objc; path = AppDelegate.m; sourceTree = "<group>"; };
		8A1014C41DB033B700028C7D /* ViewController.h */ = {isa = PBXFileReference; lastKnownFileType = sourcecode.c.h; path = ViewController.h; sourceTree = "<group>"; };
		8A1014C51DB033B700028C7D /* ViewController.m */ = {isa = PBXFileReference; lastKnownFileType = sourcecode.c.objc; path = ViewController.m; sourceTree = "<group>"; };
		8A1014C81DB033B700028C7D /* Base */ = {isa = PBXFileReference; lastKnownFileType = file.storyboard; name = Base; path = Base.lproj/Main.storyboard; sourceTree = "<group>"; };
		8A1014CB1DB033B700028C7D /* IMBD.xcdatamodel */ = {isa = PBXFileReference; lastKnownFileType = wrapper.xcdatamodel; path = IMBD.xcdatamodel; sourceTree = "<group>"; };
		8A1014CD1DB033B700028C7D /* Assets.xcassets */ = {isa = PBXFileReference; lastKnownFileType = folder.assetcatalog; path = Assets.xcassets; sourceTree = "<group>"; };
		8A1014D01DB033B700028C7D /* Base */ = {isa = PBXFileReference; lastKnownFileType = file.storyboard; name = Base; path = Base.lproj/LaunchScreen.storyboard; sourceTree = "<group>"; };
		8A1014D21DB033B700028C7D /* Info.plist */ = {isa = PBXFileReference; lastKnownFileType = text.plist.xml; path = Info.plist; sourceTree = "<group>"; };
		8A1014D71DB033B700028C7D /* IMBDTests.xctest */ = {isa = PBXFileReference; explicitFileType = wrapper.cfbundle; includeInIndex = 0; path = IMBDTests.xctest; sourceTree = BUILT_PRODUCTS_DIR; };
		8A1014DB1DB033B700028C7D /* IMBDTests.m */ = {isa = PBXFileReference; lastKnownFileType = sourcecode.c.objc; path = IMBDTests.m; sourceTree = "<group>"; };
		8A1014DD1DB033B700028C7D /* Info.plist */ = {isa = PBXFileReference; lastKnownFileType = text.plist.xml; path = Info.plist; sourceTree = "<group>"; };
		8A1014E21DB033B700028C7D /* IMBDUITests.xctest */ = {isa = PBXFileReference; explicitFileType = wrapper.cfbundle; includeInIndex = 0; path = IMBDUITests.xctest; sourceTree = BUILT_PRODUCTS_DIR; };
		8A1014E61DB033B700028C7D /* IMBDUITests.m */ = {isa = PBXFileReference; lastKnownFileType = sourcecode.c.objc; path = IMBDUITests.m; sourceTree = "<group>"; };
		8A1014E81DB033B700028C7D /* Info.plist */ = {isa = PBXFileReference; lastKnownFileType = text.plist.xml; path = Info.plist; sourceTree = "<group>"; };
/* End PBXFileReference section */

/* Begin PBXFrameworksBuildPhase section */
		8A1014B81DB033B600028C7D /* Frameworks */ = {
			isa = PBXFrameworksBuildPhase;
			buildActionMask = 2147483647;
			files = (
			);
			runOnlyForDeploymentPostprocessing = 0;
		};
		8A1014D41DB033B700028C7D /* Frameworks */ = {
			isa = PBXFrameworksBuildPhase;
			buildActionMask = 2147483647;
			files = (
			);
			runOnlyForDeploymentPostprocessing = 0;
		};
		8A1014DF1DB033B700028C7D /* Frameworks */ = {
			isa = PBXFrameworksBuildPhase;
			buildActionMask = 2147483647;
			files = (
			);
			runOnlyForDeploymentPostprocessing = 0;
		};
/* End PBXFrameworksBuildPhase section */

/* Begin PBXGroup section */
		8A1014B21DB033B600028C7D = {
			isa = PBXGroup;
			children = (
				8A1014BD1DB033B700028C7D /* IMBD */,
				8A1014DA1DB033B700028C7D /* IMBDTests */,
				8A1014E51DB033B700028C7D /* IMBDUITests */,
				8A1014BC1DB033B600028C7D /* Products */,
			);
			sourceTree = "<group>";
		};
		8A1014BC1DB033B600028C7D /* Products */ = {
			isa = PBXGroup;
			children = (
				8A1014BB1DB033B600028C7D /* IMBD.app */,
				8A1014D71DB033B700028C7D /* IMBDTests.xctest */,
				8A1014E21DB033B700028C7D /* IMBDUITests.xctest */,
			);
			name = Products;
			sourceTree = "<group>";
		};
		8A1014BD1DB033B700028C7D /* IMBD */ = {
			isa = PBXGroup;
			children = (
				8A1014C11DB033B700028C7D /* AppDelegate.h */,
				8A1014C21DB033B700028C7D /* AppDelegate.m */,
				8A1014C41DB033B700028C7D /* ViewController.h */,
				8A1014C51DB033B700028C7D /* ViewController.m */,
				8A1014C71DB033B700028C7D /* Main.storyboard */,
				8A1014CD1DB033B700028C7D /* Assets.xcassets */,
				8A1014CF1DB033B700028C7D /* LaunchScreen.storyboard */,
				8A1014D21DB033B700028C7D /* Info.plist */,
				8A1014CA1DB033B700028C7D /* IMBD.xcdatamodeld */,
				8A1014BE1DB033B700028C7D /* Supporting Files */,
			);
			path = IMBD;
			sourceTree = "<group>";
		};
		8A1014BE1DB033B700028C7D /* Supporting Files */ = {
			isa = PBXGroup;
			children = (
				8A1014BF1DB033B700028C7D /* main.m */,
			);
			name = "Supporting Files";
			sourceTree = "<group>";
		};
		8A1014DA1DB033B700028C7D /* IMBDTests */ = {
			isa = PBXGroup;
			children = (
				8A1014DB1DB033B700028C7D /* IMBDTests.m */,
				8A1014DD1DB033B700028C7D /* Info.plist */,
			);
			path = IMBDTests;
			sourceTree = "<group>";
		};
		8A1014E51DB033B700028C7D /* IMBDUITests */ = {
			isa = PBXGroup;
			children = (
				8A1014E61DB033B700028C7D /* IMBDUITests.m */,
				8A1014E81DB033B700028C7D /* Info.plist */,
			);
			path = IMBDUITests;
			sourceTree = "<group>";
		};
/* End PBXGroup section */

/* Begin PBXNativeTarget section */
		8A1014BA1DB033B600028C7D /* IMBD */ = {
			isa = PBXNativeTarget;
			buildConfigurationList = 8A1014EB1DB033B700028C7D /* Build configuration list for PBXNativeTarget "IMBD" */;
			buildPhases = (
				8A1014B71DB033B600028C7D /* Sources */,
				8A1014B81DB033B600028C7D /* Frameworks */,
				8A1014B91DB033B600028C7D /* Resources */,
			);
			buildRules = (
			);
			dependencies = (
			);
			name = IMBD;
			productName = IMBD;
			productReference = 8A1014BB1DB033B600028C7D /* IMBD.app */;
			productType = "com.apple.product-type.application";
		};
		8A1014D61DB033B700028C7D /* IMBDTests */ = {
			isa = PBXNativeTarget;
			buildConfigurationList = 8A1014EE1DB033B700028C7D /* Build configuration list for PBXNativeTarget "IMBDTests" */;
			buildPhases = (
				8A1014D31DB033B700028C7D /* Sources */,
				8A1014D41DB033B700028C7D /* Frameworks */,
				8A1014D51DB033B700028C7D /* Resources */,
			);
			buildRules = (
			);
			dependencies = (
				8A1014D91DB033B700028C7D /* PBXTargetDependency */,
			);
			name = IMBDTests;
			productName = IMBDTests;
			productReference = 8A1014D71DB033B700028C7D /* IMBDTests.xctest */;
			productType = "com.apple.product-type.bundle.unit-test";
		};
		8A1014E11DB033B700028C7D /* IMBDUITests */ = {
			isa = PBXNativeTarget;
			buildConfigurationList = 8A1014F11DB033B700028C7D /* Build configuration list for PBXNativeTarget "IMBDUITests" */;
			buildPhases = (
				8A1014DE1DB033B700028C7D /* Sources */,
				8A1014DF1DB033B700028C7D /* Frameworks */,
				8A1014E01DB033B700028C7D /* Resources */,
			);
			buildRules = (
			);
			dependencies = (
				8A1014E41DB033B700028C7D /* PBXTargetDependency */,
			);
			name = IMBDUITests;
			productName = IMBDUITests;
			productReference = 8A1014E21DB033B700028C7D /* IMBDUITests.xctest */;
			productType = "com.apple.product-type.bundle.ui-testing";
		};
/* End PBXNativeTarget section */

/* Begin PBXProject section */
		8A1014B31DB033B600028C7D /* Project object */ = {
			isa = PBXProject;
			attributes = {
				LastUpgradeCheck = 0730;
				ORGANIZATIONNAME = clouds;
				TargetAttributes = {
					8A1014BA1DB033B600028C7D = {
						CreatedOnToolsVersion = 7.3.1;
					};
					8A1014D61DB033B700028C7D = {
						CreatedOnToolsVersion = 7.3.1;
						TestTargetID = 8A1014BA1DB033B600028C7D;
					};
					8A1014E11DB033B700028C7D = {
						CreatedOnToolsVersion = 7.3.1;
						TestTargetID = 8A1014BA1DB033B600028C7D;
					};
				};
			};
			buildConfigurationList = 8A1014B61DB033B600028C7D /* Build configuration list for PBXProject "IMBD" */;
			compatibilityVersion = "Xcode 3.2";
			developmentRegion = English;
			hasScannedForEncodings = 0;
			knownRegions = (
				en,
				Base,
			);
			mainGroup = 8A1014B21DB033B600028C7D;
			productRefGroup = 8A1014BC1DB033B600028C7D /* Products */;
			projectDirPath = "";
			projectRoot = "";
			targets = (
				8A1014BA1DB033B600028C7D /* IMBD */,
				8A1014D61DB033B700028C7D /* IMBDTests */,
				8A1014E11DB033B700028C7D /* IMBDUITests */,
			);
		};
/* End PBXProject section */

/* Begin PBXResourcesBuildPhase section */
		8A1014B91DB033B600028C7D /* Resources */ = {
			isa = PBXResourcesBuildPhase;
			buildActionMask = 2147483647;
			files = (
				8A1014D11DB033B700028C7D /* LaunchScreen.storyboard in Resources */,
				8A1014CE1DB033B700028C7D /* Assets.xcassets in Resources */,
				8A1014C91DB033B700028C7D /* Main.storyboard in Resources */,
			);
			runOnlyForDeploymentPostprocessing = 0;
		};
		8A1014D51DB033B700028C7D /* Resources */ = {
			isa = PBXResourcesBuildPhase;
			buildActionMask = 2147483647;
			files = (
			);
			runOnlyForDeploymentPostprocessing = 0;
		};
		8A1014E01DB033B700028C7D /* Resources */ = {
			isa = PBXResourcesBuildPhase;
			buildActionMask = 2147483647;
			files = (
			);
			runOnlyForDeploymentPostprocessing = 0;
		};
/* End PBXResourcesBuildPhase section */

/* Begin PBXSourcesBuildPhase section */
		8A1014B71DB033B600028C7D /* Sources */ = {
			isa = PBXSourcesBuildPhase;
			buildActionMask = 2147483647;
			files = (
				8A1014C61DB033B700028C7D /* ViewController.m in Sources */,
				8A1014CC1DB033B700028C7D /* IMBD.xcdatamodeld in Sources */,
				8A1014C31DB033B700028C7D /* AppDelegate.m in Sources */,
				8A1014C01DB033B700028C7D /* main.m in Sources */,
			);
			runOnlyForDeploymentPostprocessing = 0;
		};
		8A1014D31DB033B700028C7D /* Sources */ = {
			isa = PBXSourcesBuildPhase;
			buildActionMask = 2147483647;
			files = (
				8A1014DC1DB033B700028C7D /* IMBDTests.m in Sources */,
			);
			runOnlyForDeploymentPostprocessing = 0;
		};
		8A1014DE1DB033B700028C7D /* Sources */ = {
			isa = PBXSourcesBuildPhase;
			buildActionMask = 2147483647;
			files = (
				8A1014E71DB033B700028C7D /* IMBDUITests.m in Sources */,
			);
			runOnlyForDeploymentPostprocessing = 0;
		};
/* End PBXSourcesBuildPhase section */

/* Begin PBXTargetDependency section */
		8A1014D91DB033B700028C7D /* PBXTargetDependency */ = {
			isa = PBXTargetDependency;
			target = 8A1014BA1DB033B600028C7D /* IMBD */;
			targetProxy = 8A1014D81DB033B700028C7D /* PBXContainerItemProxy */;
		};
		8A1014E41DB033B700028C7D /* PBXTargetDependency */ = {
			isa = PBXTargetDependency;
			target = 8A1014BA1DB033B600028C7D /* IMBD */;
			targetProxy = 8A1014E31DB033B700028C7D /* PBXContainerItemProxy */;
		};
/* End PBXTargetDependency section */

/* Begin PBXVariantGroup section */
		8A1014C71DB033B700028C7D /* Main.storyboard */ = {
			isa = PBXVariantGroup;
			children = (
				8A1014C81DB033B700028C7D /* Base */,
			);
			name = Main.storyboard;
			sourceTree = "<group>";
		};
		8A1014CF1DB033B700028C7D /* LaunchScreen.storyboard */ = {
			isa = PBXVariantGroup;
			children = (
				8A1014D01DB033B700028C7D /* Base */,
			);
			name = LaunchScreen.storyboard;
			sourceTree = "<group>";
		};
/* End PBXVariantGroup section */

/* Begin XCBuildConfiguration section */
		8A1014E91DB033B700028C7D /* Debug */ = {
			isa = XCBuildConfiguration;
			buildSettings = {
				ALWAYS_SEARCH_USER_PATHS = NO;
				CLANG_ANALYZER_NONNULL = YES;
				CLANG_CXX_LANGUAGE_STANDARD = "gnu++0x";
				CLANG_CXX_LIBRARY = "libc++";
				CLANG_ENABLE_MODULES = YES;
				CLANG_ENABLE_OBJC_ARC = YES;
				CLANG_WARN_BOOL_CONVERSION = YES;
				CLANG_WARN_CONSTANT_CONVERSION = YES;
				CLANG_WARN_DIRECT_OBJC_ISA_USAGE = YES_ERROR;
				CLANG_WARN_EMPTY_BODY = YES;
				CLANG_WARN_ENUM_CONVERSION = YES;
				CLANG_WARN_INT_CONVERSION = YES;
				CLANG_WARN_OBJC_ROOT_CLASS = YES_ERROR;
				CLANG_WARN_UNREACHABLE_CODE = YES;
				CLANG_WARN__DUPLICATE_METHOD_MATCH = YES;
				"CODE_SIGN_IDENTITY[sdk=iphoneos*]" = "iPhone Developer";
				COPY_PHASE_STRIP = NO;
				DEBUG_INFORMATION_FORMAT = dwarf;
				ENABLE_STRICT_OBJC_MSGSEND = YES;
				ENABLE_TESTABILITY = YES;
				GCC_C_LANGUAGE_STANDARD = gnu99;
				GCC_DYNAMIC_NO_PIC = NO;
				GCC_NO_COMMON_BLOCKS = YES;
				GCC_OPTIMIZATION_LEVEL = 0;
				GCC_PREPROCESSOR_DEFINITIONS = (
					"DEBUG=1",
					"$(inherited)",
				);
				GCC_WARN_64_TO_32_BIT_CONVERSION = YES;
				GCC_WARN_ABOUT_RETURN_TYPE = YES_ERROR;
				GCC_WARN_UNDECLARED_SELECTOR = YES;
				GCC_WARN_UNINITIALIZED_AUTOS = YES_AGGRESSIVE;
				GCC_WARN_UNUSED_FUNCTION = YES;
				GCC_WARN_UNUSED_VARIABLE = YES;
				IPHONEOS_DEPLOYMENT_TARGET = 9.3;
				MTL_ENABLE_DEBUG_INFO = YES;
				ONLY_ACTIVE_ARCH = YES;
				SDKROOT = iphoneos;
			};
			name = Debug;
		};
		8A1014EA1DB033B700028C7D /* Release */ = {
			isa = XCBuildConfiguration;
			buildSettings = {
				ALWAYS_SEARCH_USER_PATHS = NO;
				CLANG_ANALYZER_NONNULL = YES;
				CLANG_CXX_LANGUAGE_STANDARD = "gnu++0x";
				CLANG_CXX_LIBRARY = "libc++";
				CLANG_ENABLE_MODULES = YES;
				CLANG_ENABLE_OBJC_ARC = YES;
				CLANG_WARN_BOOL_CONVERSION = YES;
				CLANG_WARN_CONSTANT_CONVERSION = YES;
				CLANG_WARN_DIRECT_OBJC_ISA_USAGE = YES_ERROR;
				CLANG_WARN_EMPTY_BODY = YES;
				CLANG_WARN_ENUM_CONVERSION = YES;
				CLANG_WARN_INT_CONVERSION = YES;
				CLANG_WARN_OBJC_ROOT_CLASS = YES_ERROR;
				CLANG_WARN_UNREACHABLE_CODE = YES;
				CLANG_WARN__DUPLICATE_METHOD_MATCH = YES;
				"CODE_SIGN_IDENTITY[sdk=iphoneos*]" = "iPhone Developer";
				COPY_PHASE_STRIP = NO;
				DEBUG_INFORMATION_FORMAT = "dwarf-with-dsym";
				ENABLE_NS_ASSERTIONS = NO;
				ENABLE_STRICT_OBJC_MSGSEND = YES;
				GCC_C_LANGUAGE_STANDARD = gnu99;
				GCC_NO_COMMON_BLOCKS = YES;
				GCC_WARN_64_TO_32_BIT_CONVERSION = YES;
				GCC_WARN_ABOUT_RETURN_TYPE = YES_ERROR;
				GCC_WARN_UNDECLARED_SELECTOR = YES;
				GCC_WARN_UNINITIALIZED_AUTOS = YES_AGGRESSIVE;
				GCC_WARN_UNUSED_FUNCTION = YES;
				GCC_WARN_UNUSED_VARIABLE = YES;
				IPHONEOS_DEPLOYMENT_TARGET = 9.3;
				MTL_ENABLE_DEBUG_INFO = NO;
				SDKROOT = iphoneos;
				VALIDATE_PRODUCT = YES;
			};
			name = Release;
		};
		8A1014EC1DB033B700028C7D /* Debug */ = {
			isa = XCBuildConfiguration;
			buildSettings = {
				ASSETCATALOG_COMPILER_APPICON_NAME = AppIcon;
				INFOPLIST_FILE = IMBD/Info.plist;
				LD_RUNPATH_SEARCH_PATHS = "$(inherited) @executable_path/Frameworks";
				PRODUCT_BUNDLE_IDENTIFIER = com.clouds.IMBD;
				PRODUCT_NAME = "$(TARGET_NAME)";
			};
			name = Debug;
		};
		8A1014ED1DB033B700028C7D /* Release */ = {
			isa = XCBuildConfiguration;
			buildSettings = {
				ASSETCATALOG_COMPILER_APPICON_NAME = AppIcon;
				INFOPLIST_FILE = IMBD/Info.plist;
				LD_RUNPATH_SEARCH_PATHS = "$(inherited) @executable_path/Frameworks";
				PRODUCT_BUNDLE_IDENTIFIER = com.clouds.IMBD;
				PRODUCT_NAME = "$(TARGET_NAME)";
			};
			name = Release;
		};
		8A1014EF1DB033B700028C7D /* Debug */ = {
			isa = XCBuildConfiguration;
			buildSettings = {
				BUNDLE_LOADER = "$(TEST_HOST)";
				INFOPLIST_FILE = IMBDTests/Info.plist;
				LD_RUNPATH_SEARCH_PATHS = "$(inherited) @executable_path/Frameworks @loader_path/Frameworks";
				PRODUCT_BUNDLE_IDENTIFIER = com.clouds.IMBDTests;
				PRODUCT_NAME = "$(TARGET_NAME)";
				TEST_HOST = "$(BUILT_PRODUCTS_DIR)/IMBD.app/IMBD";
			};
			name = Debug;
		};
		8A1014F01DB033B700028C7D /* Release */ = {
			isa = XCBuildConfiguration;
			buildSettings = {
				BUNDLE_LOADER = "$(TEST_HOST)";
				INFOPLIST_FILE = IMBDTests/Info.plist;
				LD_RUNPATH_SEARCH_PATHS = "$(inherited) @executable_path/Frameworks @loader_path/Frameworks";
				PRODUCT_BUNDLE_IDENTIFIER = com.clouds.IMBDTests;
				PRODUCT_NAME = "$(TARGET_NAME)";
				TEST_HOST = "$(BUILT_PRODUCTS_DIR)/IMBD.app/IMBD";
			};
			name = Release;
		};
		8A1014F21DB033B700028C7D /* Debug */ = {
			isa = XCBuildConfiguration;
			buildSettings = {
				INFOPLIST_FILE = IMBDUITests/Info.plist;
				LD_RUNPATH_SEARCH_PATHS = "$(inherited) @executable_path/Frameworks @loader_path/Frameworks";
				PRODUCT_BUNDLE_IDENTIFIER = com.clouds.IMBDUITests;
				PRODUCT_NAME = "$(TARGET_NAME)";
				TEST_TARGET_NAME = IMBD;
			};
			name = Debug;
		};
		8A1014F31DB033B700028C7D /* Release */ = {
			isa = XCBuildConfiguration;
			buildSettings = {
				INFOPLIST_FILE = IMBDUITests/Info.plist;
				LD_RUNPATH_SEARCH_PATHS = "$(inherited) @executable_path/Frameworks @loader_path/Frameworks";
				PRODUCT_BUNDLE_IDENTIFIER = com.clouds.IMBDUITests;
				PRODUCT_NAME = "$(TARGET_NAME)";
				TEST_TARGET_NAME = IMBD;
			};
			name = Release;
		};
/* End XCBuildConfiguration section */

/* Begin XCConfigurationList section */
		8A1014B61DB033B600028C7D /* Build configuration list for PBXProject "IMBD" */ = {
			isa = XCConfigurationList;
			buildConfigurations = (
				8A1014E91DB033B700028C7D /* Debug */,
				8A1014EA1DB033B700028C7D /* Release */,
			);
			defaultConfigurationIsVisible = 0;
			defaultConfigurationName = Release;
		};
		8A1014EB1DB033B700028C7D /* Build configuration list for PBXNativeTarget "IMBD" */ = {
			isa = XCConfigurationList;
			buildConfigurations = (
				8A1014EC1DB033B700028C7D /* Debug */,
				8A1014ED1DB033B700028C7D /* Release */,
			);
			defaultConfigurationIsVisible = 0;
		};
		8A1014EE1DB033B700028C7D /* Build configuration list for PBXNativeTarget "IMBDTests" */ = {
			isa = XCConfigurationList;
			buildConfigurations = (
				8A1014EF1DB033B700028C7D /* Debug */,
				8A1014F01DB033B700028C7D /* Release */,
			);
			defaultConfigurationIsVisible = 0;
		};
		8A1014F11DB033B700028C7D /* Build configuration list for PBXNativeTarget "IMBDUITests" */ = {
			isa = XCConfigurationList;
			buildConfigurations = (
				8A1014F21DB033B700028C7D /* Debug */,
				8A1014F31DB033B700028C7D /* Release */,
			);
			defaultConfigurationIsVisible = 0;
		};
/* End XCConfigurationList section */

/* Begin XCVersionGroup section */
		8A1014CA1DB033B700028C7D /* IMBD.xcdatamodeld */ = {
			isa = XCVersionGroup;
			children = (
				8A1014CB1DB033B700028C7D /* IMBD.xcdatamodel */,
			);
			currentVersion = 8A1014CB1DB033B700028C7D /* IMBD.xcdatamodel */;
			path = IMBD.xcdatamodeld;
			sourceTree = "<group>";
			versionGroupType = wrapper.xcdatamodel;
		};
/* End XCVersionGroup section */
	};
	rootObject = 8A1014B31DB033B600028C7D /* Project object */;
}
