<?xml version="1.0" encoding="UTF-8"?>
<!DOCTYPE plist PUBLIC "-//Apple//DTD PLIST 1.0//EN" "http://www.apple.com/DTDs/PropertyList-1.0.dtd">
<plist version="1.0">
<dict>
	<key>archiveVersion</key>
	<string>1</string>
	<key>classes</key>
	<dict/>
	<key>objectVersion</key>
	<string>46</string>
	<key>objects</key>
	<dict>
		<key>00102E524BDD0EF8D5759F59</key>
		<dict>
			<key>buildActionMask</key>
			<string>2147483647</string>
			<key>files</key>
			<array/>
			<key>inputPaths</key>
			<array/>
			<key>isa</key>
			<string>PBXShellScriptBuildPhase</string>
			<key>name</key>
			<string>[CP] Check Pods Manifest.lock</string>
			<key>outputPaths</key>
			<array/>
			<key>runOnlyForDeploymentPostprocessing</key>
			<string>0</string>
			<key>shellPath</key>
			<string>/bin/sh</string>
			<key>shellScript</key>
			<string>diff "${PODS_ROOT}/../Podfile.lock" "${PODS_ROOT}/Manifest.lock" &gt; /dev/null
if [[ $? != 0 ]] ; then
    cat &lt;&lt; EOM
error: The sandbox is not in sync with the Podfile.lock. Run 'pod install' or update your CocoaPods installation.
EOM
    exit 1
fi
</string>
			<key>showEnvVarsInLog</key>
			<string>0</string>
		</dict>
		<key>094FDF16F18B6157A2179AA7</key>
		<dict>
			<key>explicitFileType</key>
			<string>archive.ar</string>
			<key>includeInIndex</key>
			<string>0</string>
			<key>isa</key>
			<string>PBXFileReference</string>
			<key>path</key>
			<string>libPods-MovieSearchEngine.a</string>
			<key>sourceTree</key>
			<string>BUILT_PRODUCTS_DIR</string>
		</dict>
		<key>0EFDA6D3DF8A041D46E6EDCE</key>
		<dict>
			<key>children</key>
			<array>
				<string>094FDF16F18B6157A2179AA7</string>
				<string>26D9054239D2DF43FEEB9794</string>
			</array>
			<key>isa</key>
			<string>PBXGroup</string>
			<key>name</key>
			<string>Frameworks</string>
			<key>sourceTree</key>
			<string>&lt;group&gt;</string>
		</dict>
		<key>0FDEE7B2570419DDD9803C12</key>
		<dict>
			<key>children</key>
			<array>
				<string>EE5242261C4CAF4AB056C444</string>
				<string>A8FB066CE43852EBD3DD72B0</string>
				<string>66A8AF311BA276E7311AD24B</string>
				<string>A30FF843C8D155E6F0AEBBAD</string>
			</array>
			<key>isa</key>
			<string>PBXGroup</string>
			<key>name</key>
			<string>Pods</string>
			<key>sourceTree</key>
			<string>&lt;group&gt;</string>
		</dict>
		<key>13DD461681CF83DD71E944CB</key>
		<dict>
			<key>fileRef</key>
			<string>26D9054239D2DF43FEEB9794</string>
			<key>isa</key>
			<string>PBXBuildFile</string>
		</dict>
		<key>26D9054239D2DF43FEEB9794</key>
		<dict>
			<key>explicitFileType</key>
			<string>archive.ar</string>
			<key>includeInIndex</key>
			<string>0</string>
			<key>isa</key>
			<string>PBXFileReference</string>
			<key>path</key>
			<string>libPods-MovieSearchEngineTests.a</string>
			<key>sourceTree</key>
			<string>BUILT_PRODUCTS_DIR</string>
		</dict>
		<key>348547EC5A9274EE320F7F5F</key>
		<dict>
			<key>buildActionMask</key>
			<string>2147483647</string>
			<key>files</key>
			<array/>
			<key>inputPaths</key>
			<array/>
			<key>isa</key>
			<string>PBXShellScriptBuildPhase</string>
			<key>name</key>
			<string>[CP] Embed Pods Frameworks</string>
			<key>outputPaths</key>
			<array/>
			<key>runOnlyForDeploymentPostprocessing</key>
			<string>0</string>
			<key>shellPath</key>
			<string>/bin/sh</string>
			<key>shellScript</key>
			<string>"${SRCROOT}/Pods/Target Support Files/Pods-MovieSearchEngineTests/Pods-MovieSearchEngineTests-frameworks.sh"
</string>
			<key>showEnvVarsInLog</key>
			<string>0</string>
		</dict>
		<key>4409F52335369BE2E65058B6</key>
		<dict>
			<key>fileRef</key>
			<string>094FDF16F18B6157A2179AA7</string>
			<key>isa</key>
			<string>PBXBuildFile</string>
		</dict>
		<key>518A56C0C18CCB32B7465E73</key>
		<dict>
			<key>buildActionMask</key>
			<string>2147483647</string>
			<key>files</key>
			<array/>
			<key>inputPaths</key>
			<array/>
			<key>isa</key>
			<string>PBXShellScriptBuildPhase</string>
			<key>name</key>
			<string>[CP] Copy Pods Resources</string>
			<key>outputPaths</key>
			<array/>
			<key>runOnlyForDeploymentPostprocessing</key>
			<string>0</string>
			<key>shellPath</key>
			<string>/bin/sh</string>
			<key>shellScript</key>
			<string>"${SRCROOT}/Pods/Target Support Files/Pods-MovieSearchEngine/Pods-MovieSearchEngine-resources.sh"
</string>
			<key>showEnvVarsInLog</key>
			<string>0</string>
		</dict>
		<key>623771F31AAB1E58876ACA7A</key>
		<dict>
			<key>fileRef</key>
			<string>623772AD43E93D922E265231</string>
			<key>isa</key>
			<string>PBXBuildFile</string>
		</dict>
		<key>623772AD43E93D922E265231</key>
		<dict>
			<key>fileEncoding</key>
			<string>4</string>
			<key>isa</key>
			<string>PBXFileReference</string>
			<key>lastKnownFileType</key>
			<string>text</string>
			<key>path</key>
			<string>Podfile</string>
			<key>sourceTree</key>
			<string>&lt;group&gt;</string>
		</dict>
		<key>6237767891B6597F93FED805</key>
		<dict>
			<key>fileRef</key>
			<string>623772AD43E93D922E265231</string>
			<key>isa</key>
			<string>PBXBuildFile</string>
		</dict>
		<key>62377AF1BA5CFC68BB105A30</key>
		<dict>
			<key>fileRef</key>
			<string>623772AD43E93D922E265231</string>
			<key>isa</key>
			<string>PBXBuildFile</string>
		</dict>
		<key>66A8AF311BA276E7311AD24B</key>
		<dict>
			<key>includeInIndex</key>
			<string>1</string>
			<key>isa</key>
			<string>PBXFileReference</string>
			<key>lastKnownFileType</key>
			<string>text.xcconfig</string>
			<key>name</key>
			<string>Pods-MovieSearchEngineTests.debug.xcconfig</string>
			<key>path</key>
			<string>Pods/Target Support Files/Pods-MovieSearchEngineTests/Pods-MovieSearchEngineTests.debug.xcconfig</string>
			<key>sourceTree</key>
			<string>&lt;group&gt;</string>
		</dict>
		<key>699B74629FC1CDA14D79D8F0</key>
		<dict>
			<key>buildActionMask</key>
			<string>2147483647</string>
			<key>files</key>
			<array/>
			<key>inputPaths</key>
			<array/>
			<key>isa</key>
			<string>PBXShellScriptBuildPhase</string>
			<key>name</key>
			<string>[CP] Copy Pods Resources</string>
			<key>outputPaths</key>
			<array/>
			<key>runOnlyForDeploymentPostprocessing</key>
			<string>0</string>
			<key>shellPath</key>
			<string>/bin/sh</string>
			<key>shellScript</key>
			<string>"${SRCROOT}/Pods/Target Support Files/Pods-MovieSearchEngineTests/Pods-MovieSearchEngineTests-resources.sh"
</string>
			<key>showEnvVarsInLog</key>
			<string>0</string>
		</dict>
		<key>7455FF4E2851809C3B9612DB</key>
		<dict>
			<key>buildActionMask</key>
			<string>2147483647</string>
			<key>files</key>
			<array/>
			<key>inputPaths</key>
			<array/>
			<key>isa</key>
			<string>PBXShellScriptBuildPhase</string>
			<key>name</key>
			<string>[CP] Embed Pods Frameworks</string>
			<key>outputPaths</key>
			<array/>
			<key>runOnlyForDeploymentPostprocessing</key>
			<string>0</string>
			<key>shellPath</key>
			<string>/bin/sh</string>
			<key>shellScript</key>
			<string>"${SRCROOT}/Pods/Target Support Files/Pods-MovieSearchEngine/Pods-MovieSearchEngine-frameworks.sh"
</string>
			<key>showEnvVarsInLog</key>
			<string>0</string>
		</dict>
		<key>8A6865241E52B96700785BB5</key>
		<dict>
			<key>children</key>
			<array>
				<string>8A68652F1E52B96700785BB5</string>
				<string>8A68654C1E52B96700785BB5</string>
				<string>8A6865571E52B96700785BB5</string>
				<string>8A68652E1E52B96700785BB5</string>
				<string>623772AD43E93D922E265231</string>
				<string>0FDEE7B2570419DDD9803C12</string>
				<string>0EFDA6D3DF8A041D46E6EDCE</string>
			</array>
			<key>isa</key>
			<string>PBXGroup</string>
			<key>sourceTree</key>
			<string>&lt;group&gt;</string>
		</dict>
		<key>8A6865251E52B96700785BB5</key>
		<dict>
			<key>attributes</key>
			<dict>
				<key>LastUpgradeCheck</key>
				<string>0820</string>
				<key>ORGANIZATIONNAME</key>
				<string>clouds</string>
				<key>TargetAttributes</key>
				<dict>
					<key>8A68652C1E52B96700785BB5</key>
					<dict>
						<key>CreatedOnToolsVersion</key>
						<string>8.2.1</string>
						<key>DevelopmentTeam</key>
						<string>53JXDE67QG</string>
						<key>ProvisioningStyle</key>
						<string>Automatic</string>
					</dict>
					<key>8A6865481E52B96700785BB5</key>
					<dict>
						<key>CreatedOnToolsVersion</key>
						<string>8.2.1</string>
						<key>ProvisioningStyle</key>
						<string>Automatic</string>
						<key>TestTargetID</key>
						<string>8A68652C1E52B96700785BB5</string>
					</dict>
					<key>8A6865531E52B96700785BB5</key>
					<dict>
						<key>CreatedOnToolsVersion</key>
						<string>8.2.1</string>
						<key>ProvisioningStyle</key>
						<string>Automatic</string>
						<key>TestTargetID</key>
						<string>8A68652C1E52B96700785BB5</string>
					</dict>
				</dict>
			</dict>
			<key>buildConfigurationList</key>
			<string>8A6865281E52B96700785BB5</string>
			<key>compatibilityVersion</key>
			<string>Xcode 3.2</string>
			<key>developmentRegion</key>
			<string>English</string>
			<key>hasScannedForEncodings</key>
			<string>0</string>
			<key>isa</key>
			<string>PBXProject</string>
			<key>knownRegions</key>
			<array>
				<string>en</string>
				<string>Base</string>
			</array>
			<key>mainGroup</key>
			<string>8A6865241E52B96700785BB5</string>
			<key>productRefGroup</key>
			<string>8A68652E1E52B96700785BB5</string>
			<key>projectDirPath</key>
			<string></string>
			<key>projectReferences</key>
			<array/>
			<key>projectRoot</key>
			<string></string>
			<key>targets</key>
			<array>
				<string>8A68652C1E52B96700785BB5</string>
				<string>8A6865481E52B96700785BB5</string>
				<string>8A6865531E52B96700785BB5</string>
			</array>
		</dict>
		<key>8A6865281E52B96700785BB5</key>
		<dict>
			<key>buildConfigurations</key>
			<array>
				<string>8A68655B1E52B96700785BB5</string>
				<string>8A68655C1E52B96700785BB5</string>
			</array>
			<key>defaultConfigurationIsVisible</key>
			<string>0</string>
			<key>defaultConfigurationName</key>
			<string>Release</string>
			<key>isa</key>
			<string>XCConfigurationList</string>
		</dict>
		<key>8A6865291E52B96700785BB5</key>
		<dict>
			<key>buildActionMask</key>
			<string>2147483647</string>
			<key>files</key>
			<array>
				<string>8A6865381E52B96700785BB5</string>
				<string>8A6865731E52C77700785BB5</string>
				<string>8A6865351E52B96700785BB5</string>
				<string>8A68656E1E52BE0800785BB5</string>
				<string>8A68653E1E52B96700785BB5</string>
				<string>8A6865681E52BA8200785BB5</string>
				<string>8A6865321E52B96700785BB5</string>
			</array>
			<key>isa</key>
			<string>PBXSourcesBuildPhase</string>
			<key>runOnlyForDeploymentPostprocessing</key>
			<string>0</string>
		</dict>
		<key>8A68652A1E52B96700785BB5</key>
		<dict>
			<key>buildActionMask</key>
			<string>2147483647</string>
			<key>files</key>
			<array>
				<string>4409F52335369BE2E65058B6</string>
			</array>
			<key>isa</key>
			<string>PBXFrameworksBuildPhase</string>
			<key>runOnlyForDeploymentPostprocessing</key>
			<string>0</string>
		</dict>
		<key>8A68652B1E52B96700785BB5</key>
		<dict>
			<key>buildActionMask</key>
			<string>2147483647</string>
			<key>files</key>
			<array>
				<string>8A6865431E52B96700785BB5</string>
				<string>8A6865401E52B96700785BB5</string>
				<string>8A6865771E52D48A00785BB5</string>
				<string>8A68653B1E52B96700785BB5</string>
				<string>62377AF1BA5CFC68BB105A30</string>
			</array>
			<key>isa</key>
			<string>PBXResourcesBuildPhase</string>
			<key>runOnlyForDeploymentPostprocessing</key>
			<string>0</string>
		</dict>
		<key>8A68652C1E52B96700785BB5</key>
		<dict>
			<key>buildConfigurationList</key>
			<string>8A68655D1E52B96700785BB5</string>
			<key>buildPhases</key>
			<array>
				<string>CC464672980ACA33B86DE924</string>
				<string>8A6865291E52B96700785BB5</string>
				<string>8A68652A1E52B96700785BB5</string>
				<string>8A68652B1E52B96700785BB5</string>
				<string>7455FF4E2851809C3B9612DB</string>
				<string>518A56C0C18CCB32B7465E73</string>
			</array>
			<key>buildRules</key>
			<array/>
			<key>dependencies</key>
			<array/>
			<key>isa</key>
			<string>PBXNativeTarget</string>
			<key>name</key>
			<string>MovieSearchEngine</string>
			<key>productName</key>
			<string>MovieSearchEngine</string>
			<key>productReference</key>
			<string>8A68652D1E52B96700785BB5</string>
			<key>productType</key>
			<string>com.apple.product-type.application</string>
		</dict>
		<key>8A68652D1E52B96700785BB5</key>
		<dict>
			<key>explicitFileType</key>
			<string>wrapper.application</string>
			<key>includeInIndex</key>
			<string>0</string>
			<key>isa</key>
			<string>PBXFileReference</string>
			<key>path</key>
			<string>MovieSearchEngine.app</string>
			<key>sourceTree</key>
			<string>BUILT_PRODUCTS_DIR</string>
		</dict>
		<key>8A68652E1E52B96700785BB5</key>
		<dict>
			<key>children</key>
			<array>
				<string>8A68652D1E52B96700785BB5</string>
				<string>8A6865491E52B96700785BB5</string>
				<string>8A6865541E52B96700785BB5</string>
			</array>
			<key>isa</key>
			<string>PBXGroup</string>
			<key>name</key>
			<string>Products</string>
			<key>sourceTree</key>
			<string>&lt;group&gt;</string>
		</dict>
		<key>8A68652F1E52B96700785BB5</key>
		<dict>
			<key>children</key>
			<array>
				<string>8A6865331E52B96700785BB5</string>
				<string>8A6865341E52B96700785BB5</string>
				<string>8A6865361E52B96700785BB5</string>
				<string>8A6865371E52B96700785BB5</string>
				<string>8A6865391E52B96700785BB5</string>
				<string>8A68653F1E52B96700785BB5</string>
				<string>8A6865411E52B96700785BB5</string>
				<string>8A6865441E52B96700785BB5</string>
				<string>8A68653C1E52B96700785BB5</string>
				<string>8A6865301E52B96700785BB5</string>
				<string>8A6865661E52BA6F00785BB5</string>
				<string>8A6865671E52BA8200785BB5</string>
				<string>8A68656B1E52BCEE00785BB5</string>
				<string>8A68656C1E52BDFA00785BB5</string>
				<string>8A68656D1E52BE0800785BB5</string>
				<string>8A6865711E52C76700785BB5</string>
				<string>8A6865721E52C77700785BB5</string>
			</array>
			<key>isa</key>
			<string>PBXGroup</string>
			<key>path</key>
			<string>MovieSearchEngine</string>
			<key>sourceTree</key>
			<string>&lt;group&gt;</string>
		</dict>
		<key>8A6865301E52B96700785BB5</key>
		<dict>
			<key>children</key>
			<array>
				<string>8A6865761E52D48A00785BB5</string>
				<string>8A6865311E52B96700785BB5</string>
			</array>
			<key>isa</key>
			<string>PBXGroup</string>
			<key>name</key>
			<string>Supporting Files</string>
			<key>sourceTree</key>
			<string>&lt;group&gt;</string>
		</dict>
		<key>8A6865311E52B96700785BB5</key>
		<dict>
			<key>isa</key>
			<string>PBXFileReference</string>
			<key>lastKnownFileType</key>
			<string>sourcecode.c.objc</string>
			<key>path</key>
			<string>main.m</string>
			<key>sourceTree</key>
			<string>&lt;group&gt;</string>
		</dict>
		<key>8A6865321E52B96700785BB5</key>
		<dict>
			<key>fileRef</key>
			<string>8A6865311E52B96700785BB5</string>
			<key>isa</key>
			<string>PBXBuildFile</string>
		</dict>
		<key>8A6865331E52B96700785BB5</key>
		<dict>
			<key>isa</key>
			<string>PBXFileReference</string>
			<key>lastKnownFileType</key>
			<string>sourcecode.c.h</string>
			<key>path</key>
			<string>AppDelegate.h</string>
			<key>sourceTree</key>
			<string>&lt;group&gt;</string>
		</dict>
		<key>8A6865341E52B96700785BB5</key>
		<dict>
			<key>isa</key>
			<string>PBXFileReference</string>
			<key>lastKnownFileType</key>
			<string>sourcecode.c.objc</string>
			<key>path</key>
			<string>AppDelegate.m</string>
			<key>sourceTree</key>
			<string>&lt;group&gt;</string>
		</dict>
		<key>8A6865351E52B96700785BB5</key>
		<dict>
			<key>fileRef</key>
			<string>8A6865341E52B96700785BB5</string>
			<key>isa</key>
			<string>PBXBuildFile</string>
		</dict>
		<key>8A6865361E52B96700785BB5</key>
		<dict>
			<key>isa</key>
			<string>PBXFileReference</string>
			<key>lastKnownFileType</key>
			<string>sourcecode.c.h</string>
			<key>path</key>
			<string>ViewController.h</string>
			<key>sourceTree</key>
			<string>&lt;group&gt;</string>
		</dict>
		<key>8A6865371E52B96700785BB5</key>
		<dict>
			<key>isa</key>
			<string>PBXFileReference</string>
			<key>lastKnownFileType</key>
			<string>sourcecode.c.objc</string>
			<key>path</key>
			<string>ViewController.m</string>
			<key>sourceTree</key>
			<string>&lt;group&gt;</string>
		</dict>
		<key>8A6865381E52B96700785BB5</key>
		<dict>
			<key>fileRef</key>
			<string>8A6865371E52B96700785BB5</string>
			<key>isa</key>
			<string>PBXBuildFile</string>
		</dict>
		<key>8A6865391E52B96700785BB5</key>
		<dict>
			<key>children</key>
			<array>
				<string>8A68653A1E52B96700785BB5</string>
			</array>
			<key>isa</key>
			<string>PBXVariantGroup</string>
			<key>name</key>
			<string>Main.storyboard</string>
			<key>sourceTree</key>
			<string>&lt;group&gt;</string>
		</dict>
		<key>8A68653A1E52B96700785BB5</key>
		<dict>
			<key>isa</key>
			<string>PBXFileReference</string>
			<key>lastKnownFileType</key>
			<string>file.storyboard</string>
			<key>name</key>
			<string>Base</string>
			<key>path</key>
			<string>Base.lproj/Main.storyboard</string>
			<key>sourceTree</key>
			<string>&lt;group&gt;</string>
		</dict>
		<key>8A68653B1E52B96700785BB5</key>
		<dict>
			<key>fileRef</key>
			<string>8A6865391E52B96700785BB5</string>
			<key>isa</key>
			<string>PBXBuildFile</string>
		</dict>
		<key>8A68653C1E52B96700785BB5</key>
		<dict>
			<key>children</key>
			<array>
				<string>8A68653D1E52B96700785BB5</string>
			</array>
			<key>currentVersion</key>
			<string>8A68653D1E52B96700785BB5</string>
			<key>isa</key>
			<string>XCVersionGroup</string>
			<key>path</key>
			<string>MovieSearchEngine.xcdatamodeld</string>
			<key>sourceTree</key>
			<string>&lt;group&gt;</string>
			<key>versionGroupType</key>
			<string>wrapper.xcdatamodel</string>
		</dict>
		<key>8A68653D1E52B96700785BB5</key>
		<dict>
			<key>isa</key>
			<string>PBXFileReference</string>
			<key>lastKnownFileType</key>
			<string>wrapper.xcdatamodel</string>
			<key>path</key>
			<string>MovieSearchEngine.xcdatamodel</string>
			<key>sourceTree</key>
			<string>&lt;group&gt;</string>
		</dict>
		<key>8A68653E1E52B96700785BB5</key>
		<dict>
			<key>fileRef</key>
			<string>8A68653C1E52B96700785BB5</string>
			<key>isa</key>
			<string>PBXBuildFile</string>
		</dict>
		<key>8A68653F1E52B96700785BB5</key>
		<dict>
			<key>isa</key>
			<string>PBXFileReference</string>
			<key>lastKnownFileType</key>
			<string>folder.assetcatalog</string>
			<key>path</key>
			<string>Assets.xcassets</string>
			<key>sourceTree</key>
			<string>&lt;group&gt;</string>
		</dict>
		<key>8A6865401E52B96700785BB5</key>
		<dict>
			<key>fileRef</key>
			<string>8A68653F1E52B96700785BB5</string>
			<key>isa</key>
			<string>PBXBuildFile</string>
		</dict>
		<key>8A6865411E52B96700785BB5</key>
		<dict>
			<key>children</key>
			<array>
				<string>8A6865421E52B96700785BB5</string>
			</array>
			<key>isa</key>
			<string>PBXVariantGroup</string>
			<key>name</key>
			<string>LaunchScreen.storyboard</string>
			<key>sourceTree</key>
			<string>&lt;group&gt;</string>
		</dict>
		<key>8A6865421E52B96700785BB5</key>
		<dict>
			<key>isa</key>
			<string>PBXFileReference</string>
			<key>lastKnownFileType</key>
			<string>file.storyboard</string>
			<key>name</key>
			<string>Base</string>
			<key>path</key>
			<string>Base.lproj/LaunchScreen.storyboard</string>
			<key>sourceTree</key>
			<string>&lt;group&gt;</string>
		</dict>
		<key>8A6865431E52B96700785BB5</key>
		<dict>
			<key>fileRef</key>
			<string>8A6865411E52B96700785BB5</string>
			<key>isa</key>
			<string>PBXBuildFile</string>
		</dict>
		<key>8A6865441E52B96700785BB5</key>
		<dict>
			<key>isa</key>
			<string>PBXFileReference</string>
			<key>lastKnownFileType</key>
			<string>text.plist.xml</string>
			<key>path</key>
			<string>Info.plist</string>
			<key>sourceTree</key>
			<string>&lt;group&gt;</string>
		</dict>
		<key>8A6865451E52B96700785BB5</key>
		<dict>
			<key>buildActionMask</key>
			<string>2147483647</string>
			<key>files</key>
			<array>
				<string>8A6865691E52BA8200785BB5</string>
				<string>8A68654E1E52B96700785BB5</string>
				<string>8AABA2DE1E5427E60047011B</string>
				<string>8A6865741E52C77700785BB5</string>
				<string>8A68656F1E52BE0800785BB5</string>
			</array>
			<key>isa</key>
			<string>PBXSourcesBuildPhase</string>
			<key>runOnlyForDeploymentPostprocessing</key>
			<string>0</string>
		</dict>
		<key>8A6865461E52B96700785BB5</key>
		<dict>
			<key>buildActionMask</key>
			<string>2147483647</string>
			<key>files</key>
			<array>
				<string>13DD461681CF83DD71E944CB</string>
			</array>
			<key>isa</key>
			<string>PBXFrameworksBuildPhase</string>
			<key>runOnlyForDeploymentPostprocessing</key>
			<string>0</string>
		</dict>
		<key>8A6865471E52B96700785BB5</key>
		<dict>
			<key>buildActionMask</key>
			<string>2147483647</string>
			<key>files</key>
			<array>
				<string>623771F31AAB1E58876ACA7A</string>
				<string>8A6865781E52D48A00785BB5</string>
			</array>
			<key>isa</key>
			<string>PBXResourcesBuildPhase</string>
			<key>runOnlyForDeploymentPostprocessing</key>
			<string>0</string>
		</dict>
		<key>8A6865481E52B96700785BB5</key>
		<dict>
			<key>buildConfigurationList</key>
			<string>8A6865601E52B96700785BB5</string>
			<key>buildPhases</key>
			<array>
				<string>00102E524BDD0EF8D5759F59</string>
				<string>8A6865451E52B96700785BB5</string>
				<string>8A6865461E52B96700785BB5</string>
				<string>8A6865471E52B96700785BB5</string>
				<string>348547EC5A9274EE320F7F5F</string>
				<string>699B74629FC1CDA14D79D8F0</string>
			</array>
			<key>buildRules</key>
			<array/>
			<key>dependencies</key>
			<array>
				<string>8A68654B1E52B96700785BB5</string>
			</array>
			<key>isa</key>
			<string>PBXNativeTarget</string>
			<key>name</key>
			<string>MovieSearchEngineTests</string>
			<key>productName</key>
			<string>MovieSearchEngineTests</string>
			<key>productReference</key>
			<string>8A6865491E52B96700785BB5</string>
			<key>productType</key>
			<string>com.apple.product-type.bundle.unit-test</string>
		</dict>
		<key>8A6865491E52B96700785BB5</key>
		<dict>
			<key>explicitFileType</key>
			<string>wrapper.cfbundle</string>
			<key>includeInIndex</key>
			<string>0</string>
			<key>isa</key>
			<string>PBXFileReference</string>
			<key>path</key>
			<string>MovieSearchEngineTests.xctest</string>
			<key>sourceTree</key>
			<string>BUILT_PRODUCTS_DIR</string>
		</dict>
		<key>8A68654A1E52B96700785BB5</key>
		<dict>
			<key>containerPortal</key>
			<string>8A6865251E52B96700785BB5</string>
			<key>isa</key>
			<string>PBXContainerItemProxy</string>
			<key>proxyType</key>
			<string>1</string>
			<key>remoteGlobalIDString</key>
			<string>8A68652C1E52B96700785BB5</string>
			<key>remoteInfo</key>
			<string>MovieSearchEngine</string>
		</dict>
		<key>8A68654B1E52B96700785BB5</key>
		<dict>
			<key>isa</key>
			<string>PBXTargetDependency</string>
			<key>target</key>
			<string>8A68652C1E52B96700785BB5</string>
			<key>targetProxy</key>
			<string>8A68654A1E52B96700785BB5</string>
		</dict>
		<key>8A68654C1E52B96700785BB5</key>
		<dict>
			<key>children</key>
			<array>
				<string>8AABA2DD1E5427E60047011B</string>
				<string>8A68654D1E52B96700785BB5</string>
				<string>8A68654F1E52B96700785BB5</string>
			</array>
			<key>isa</key>
			<string>PBXGroup</string>
			<key>path</key>
			<string>MovieSearchEngineTests</string>
			<key>sourceTree</key>
			<string>&lt;group&gt;</string>
		</dict>
		<key>8A68654D1E52B96700785BB5</key>
		<dict>
			<key>isa</key>
			<string>PBXFileReference</string>
			<key>lastKnownFileType</key>
			<string>sourcecode.c.objc</string>
			<key>path</key>
			<string>MovieSearchEngineTests.m</string>
			<key>sourceTree</key>
			<string>&lt;group&gt;</string>
		</dict>
		<key>8A68654E1E52B96700785BB5</key>
		<dict>
			<key>fileRef</key>
			<string>8A68654D1E52B96700785BB5</string>
			<key>isa</key>
			<string>PBXBuildFile</string>
		</dict>
		<key>8A68654F1E52B96700785BB5</key>
		<dict>
			<key>isa</key>
			<string>PBXFileReference</string>
			<key>lastKnownFileType</key>
			<string>text.plist.xml</string>
			<key>path</key>
			<string>Info.plist</string>
			<key>sourceTree</key>
			<string>&lt;group&gt;</string>
		</dict>
		<key>8A6865501E52B96700785BB5</key>
		<dict>
			<key>buildActionMask</key>
			<string>2147483647</string>
			<key>files</key>
			<array>
				<string>8A68656A1E52BA8200785BB5</string>
				<string>8A6865591E52B96700785BB5</string>
				<string>8A6865751E52C77700785BB5</string>
				<string>8A6865701E52BE0800785BB5</string>
			</array>
			<key>isa</key>
			<string>PBXSourcesBuildPhase</string>
			<key>runOnlyForDeploymentPostprocessing</key>
			<string>0</string>
		</dict>
		<key>8A6865511E52B96700785BB5</key>
		<dict>
			<key>buildActionMask</key>
			<string>2147483647</string>
			<key>files</key>
			<array/>
			<key>isa</key>
			<string>PBXFrameworksBuildPhase</string>
			<key>runOnlyForDeploymentPostprocessing</key>
			<string>0</string>
		</dict>
		<key>8A6865521E52B96700785BB5</key>
		<dict>
			<key>buildActionMask</key>
			<string>2147483647</string>
			<key>files</key>
			<array>
				<string>6237767891B6597F93FED805</string>
				<string>8A6865791E52D48A00785BB5</string>
			</array>
			<key>isa</key>
			<string>PBXResourcesBuildPhase</string>
			<key>runOnlyForDeploymentPostprocessing</key>
			<string>0</string>
		</dict>
		<key>8A6865531E52B96700785BB5</key>
		<dict>
			<key>buildConfigurationList</key>
			<string>8A6865631E52B96700785BB5</string>
			<key>buildPhases</key>
			<array>
				<string>8A6865501E52B96700785BB5</string>
				<string>8A6865511E52B96700785BB5</string>
				<string>8A6865521E52B96700785BB5</string>
			</array>
			<key>buildRules</key>
			<array/>
			<key>dependencies</key>
			<array>
				<string>8A6865561E52B96700785BB5</string>
			</array>
			<key>isa</key>
			<string>PBXNativeTarget</string>
			<key>name</key>
			<string>MovieSearchEngineUITests</string>
			<key>productName</key>
			<string>MovieSearchEngineUITests</string>
			<key>productReference</key>
			<string>8A6865541E52B96700785BB5</string>
			<key>productType</key>
			<string>com.apple.product-type.bundle.ui-testing</string>
		</dict>
		<key>8A6865541E52B96700785BB5</key>
		<dict>
			<key>explicitFileType</key>
			<string>wrapper.cfbundle</string>
			<key>includeInIndex</key>
			<string>0</string>
			<key>isa</key>
			<string>PBXFileReference</string>
			<key>path</key>
			<string>MovieSearchEngineUITests.xctest</string>
			<key>sourceTree</key>
			<string>BUILT_PRODUCTS_DIR</string>
		</dict>
		<key>8A6865551E52B96700785BB5</key>
		<dict>
			<key>containerPortal</key>
			<string>8A6865251E52B96700785BB5</string>
			<key>isa</key>
			<string>PBXContainerItemProxy</string>
			<key>proxyType</key>
			<string>1</string>
			<key>remoteGlobalIDString</key>
			<string>8A68652C1E52B96700785BB5</string>
			<key>remoteInfo</key>
			<string>MovieSearchEngine</string>
		</dict>
		<key>8A6865561E52B96700785BB5</key>
		<dict>
			<key>isa</key>
			<string>PBXTargetDependency</string>
			<key>target</key>
			<string>8A68652C1E52B96700785BB5</string>
			<key>targetProxy</key>
			<string>8A6865551E52B96700785BB5</string>
		</dict>
		<key>8A6865571E52B96700785BB5</key>
		<dict>
			<key>children</key>
			<array>
				<string>8A6865581E52B96700785BB5</string>
				<string>8A68655A1E52B96700785BB5</string>
			</array>
			<key>isa</key>
			<string>PBXGroup</string>
			<key>path</key>
			<string>MovieSearchEngineUITests</string>
			<key>sourceTree</key>
			<string>&lt;group&gt;</string>
		</dict>
		<key>8A6865581E52B96700785BB5</key>
		<dict>
			<key>isa</key>
			<string>PBXFileReference</string>
			<key>lastKnownFileType</key>
			<string>sourcecode.c.objc</string>
			<key>path</key>
			<string>MovieSearchEngineUITests.m</string>
			<key>sourceTree</key>
			<string>&lt;group&gt;</string>
		</dict>
		<key>8A6865591E52B96700785BB5</key>
		<dict>
			<key>fileRef</key>
			<string>8A6865581E52B96700785BB5</string>
			<key>isa</key>
			<string>PBXBuildFile</string>
		</dict>
		<key>8A68655A1E52B96700785BB5</key>
		<dict>
			<key>isa</key>
			<string>PBXFileReference</string>
			<key>lastKnownFileType</key>
			<string>text.plist.xml</string>
			<key>path</key>
			<string>Info.plist</string>
			<key>sourceTree</key>
			<string>&lt;group&gt;</string>
		</dict>
		<key>8A68655B1E52B96700785BB5</key>
		<dict>
			<key>buildSettings</key>
			<dict>
				<key>ALWAYS_SEARCH_USER_PATHS</key>
				<string>NO</string>
				<key>CLANG_ANALYZER_NONNULL</key>
				<string>YES</string>
				<key>CLANG_CXX_LANGUAGE_STANDARD</key>
				<string>gnu++0x</string>
				<key>CLANG_CXX_LIBRARY</key>
				<string>libc++</string>
				<key>CLANG_ENABLE_MODULES</key>
				<string>YES</string>
				<key>CLANG_ENABLE_OBJC_ARC</key>
				<string>YES</string>
				<key>CLANG_WARN_BOOL_CONVERSION</key>
				<string>YES</string>
				<key>CLANG_WARN_CONSTANT_CONVERSION</key>
				<string>YES</string>
				<key>CLANG_WARN_DIRECT_OBJC_ISA_USAGE</key>
				<string>YES_ERROR</string>
				<key>CLANG_WARN_DOCUMENTATION_COMMENTS</key>
				<string>YES</string>
				<key>CLANG_WARN_EMPTY_BODY</key>
				<string>YES</string>
				<key>CLANG_WARN_ENUM_CONVERSION</key>
				<string>YES</string>
				<key>CLANG_WARN_INFINITE_RECURSION</key>
				<string>YES</string>
				<key>CLANG_WARN_INT_CONVERSION</key>
				<string>YES</string>
				<key>CLANG_WARN_OBJC_ROOT_CLASS</key>
				<string>YES_ERROR</string>
				<key>CLANG_WARN_SUSPICIOUS_MOVE</key>
				<string>YES</string>
				<key>CLANG_WARN_UNREACHABLE_CODE</key>
				<string>YES</string>
				<key>CLANG_WARN__DUPLICATE_METHOD_MATCH</key>
				<string>YES</string>
				<key>CODE_SIGN_IDENTITY[sdk=iphoneos*]</key>
				<string>iPhone Developer</string>
				<key>COPY_PHASE_STRIP</key>
				<string>NO</string>
				<key>DEBUG_INFORMATION_FORMAT</key>
				<string>dwarf</string>
				<key>ENABLE_STRICT_OBJC_MSGSEND</key>
				<string>YES</string>
				<key>ENABLE_TESTABILITY</key>
				<string>YES</string>
				<key>GCC_C_LANGUAGE_STANDARD</key>
				<string>gnu99</string>
				<key>GCC_DYNAMIC_NO_PIC</key>
				<string>NO</string>
				<key>GCC_NO_COMMON_BLOCKS</key>
				<string>YES</string>
				<key>GCC_OPTIMIZATION_LEVEL</key>
				<string>0</string>
				<key>GCC_PREPROCESSOR_DEFINITIONS</key>
				<array>
					<string>DEBUG=1</string>
					<string>$(inherited)</string>
				</array>
				<key>GCC_WARN_64_TO_32_BIT_CONVERSION</key>
				<string>YES</string>
				<key>GCC_WARN_ABOUT_RETURN_TYPE</key>
				<string>YES_ERROR</string>
				<key>GCC_WARN_UNDECLARED_SELECTOR</key>
				<string>YES</string>
				<key>GCC_WARN_UNINITIALIZED_AUTOS</key>
				<string>YES_AGGRESSIVE</string>
				<key>GCC_WARN_UNUSED_FUNCTION</key>
				<string>YES</string>
				<key>GCC_WARN_UNUSED_VARIABLE</key>
				<string>YES</string>
				<key>IPHONEOS_DEPLOYMENT_TARGET</key>
				<string>10.2</string>
				<key>MTL_ENABLE_DEBUG_INFO</key>
				<string>YES</string>
				<key>ONLY_ACTIVE_ARCH</key>
				<string>YES</string>
				<key>SDKROOT</key>
				<string>iphoneos</string>
			</dict>
			<key>isa</key>
			<string>XCBuildConfiguration</string>
			<key>name</key>
			<string>Debug</string>
		</dict>
		<key>8A68655C1E52B96700785BB5</key>
		<dict>
			<key>buildSettings</key>
			<dict>
				<key>ALWAYS_SEARCH_USER_PATHS</key>
				<string>NO</string>
				<key>CLANG_ANALYZER_NONNULL</key>
				<string>YES</string>
				<key>CLANG_CXX_LANGUAGE_STANDARD</key>
				<string>gnu++0x</string>
				<key>CLANG_CXX_LIBRARY</key>
				<string>libc++</string>
				<key>CLANG_ENABLE_MODULES</key>
				<string>YES</string>
				<key>CLANG_ENABLE_OBJC_ARC</key>
				<string>YES</string>
				<key>CLANG_WARN_BOOL_CONVERSION</key>
				<string>YES</string>
				<key>CLANG_WARN_CONSTANT_CONVERSION</key>
				<string>YES</string>
				<key>CLANG_WARN_DIRECT_OBJC_ISA_USAGE</key>
				<string>YES_ERROR</string>
				<key>CLANG_WARN_DOCUMENTATION_COMMENTS</key>
				<string>YES</string>
				<key>CLANG_WARN_EMPTY_BODY</key>
				<string>YES</string>
				<key>CLANG_WARN_ENUM_CONVERSION</key>
				<string>YES</string>
				<key>CLANG_WARN_INFINITE_RECURSION</key>
				<string>YES</string>
				<key>CLANG_WARN_INT_CONVERSION</key>
				<string>YES</string>
				<key>CLANG_WARN_OBJC_ROOT_CLASS</key>
				<string>YES_ERROR</string>
				<key>CLANG_WARN_SUSPICIOUS_MOVE</key>
				<string>YES</string>
				<key>CLANG_WARN_UNREACHABLE_CODE</key>
				<string>YES</string>
				<key>CLANG_WARN__DUPLICATE_METHOD_MATCH</key>
				<string>YES</string>
				<key>CODE_SIGN_IDENTITY[sdk=iphoneos*]</key>
				<string>iPhone Developer</string>
				<key>COPY_PHASE_STRIP</key>
				<string>NO</string>
				<key>DEBUG_INFORMATION_FORMAT</key>
				<string>dwarf-with-dsym</string>
				<key>ENABLE_NS_ASSERTIONS</key>
				<string>NO</string>
				<key>ENABLE_STRICT_OBJC_MSGSEND</key>
				<string>YES</string>
				<key>GCC_C_LANGUAGE_STANDARD</key>
				<string>gnu99</string>
				<key>GCC_NO_COMMON_BLOCKS</key>
				<string>YES</string>
				<key>GCC_WARN_64_TO_32_BIT_CONVERSION</key>
				<string>YES</string>
				<key>GCC_WARN_ABOUT_RETURN_TYPE</key>
				<string>YES_ERROR</string>
				<key>GCC_WARN_UNDECLARED_SELECTOR</key>
				<string>YES</string>
				<key>GCC_WARN_UNINITIALIZED_AUTOS</key>
				<string>YES_AGGRESSIVE</string>
				<key>GCC_WARN_UNUSED_FUNCTION</key>
				<string>YES</string>
				<key>GCC_WARN_UNUSED_VARIABLE</key>
				<string>YES</string>
				<key>IPHONEOS_DEPLOYMENT_TARGET</key>
				<string>10.2</string>
				<key>MTL_ENABLE_DEBUG_INFO</key>
				<string>NO</string>
				<key>SDKROOT</key>
				<string>iphoneos</string>
				<key>VALIDATE_PRODUCT</key>
				<string>YES</string>
			</dict>
			<key>isa</key>
			<string>XCBuildConfiguration</string>
			<key>name</key>
			<string>Release</string>
		</dict>
		<key>8A68655D1E52B96700785BB5</key>
		<dict>
			<key>buildConfigurations</key>
			<array>
				<string>8A68655E1E52B96700785BB5</string>
				<string>8A68655F1E52B96700785BB5</string>
			</array>
			<key>defaultConfigurationIsVisible</key>
			<string>0</string>
			<key>defaultConfigurationName</key>
			<string>Release</string>
			<key>isa</key>
			<string>XCConfigurationList</string>
		</dict>
		<key>8A68655E1E52B96700785BB5</key>
		<dict>
			<key>baseConfigurationReference</key>
			<string>EE5242261C4CAF4AB056C444</string>
			<key>buildSettings</key>
			<dict>
				<key>ASSETCATALOG_COMPILER_APPICON_NAME</key>
				<string>AppIcon</string>
				<key>DEVELOPMENT_TEAM</key>
				<string>53JXDE67QG</string>
				<key>INFOPLIST_FILE</key>
				<string>MovieSearchEngine/Info.plist</string>
				<key>IPHONEOS_DEPLOYMENT_TARGET</key>
				<string>8.0</string>
				<key>LD_RUNPATH_SEARCH_PATHS</key>
				<string>$(inherited) @executable_path/Frameworks</string>
				<key>PRODUCT_BUNDLE_IDENTIFIER</key>
				<string>com.clouds.MovieSearchEngine</string>
				<key>PRODUCT_NAME</key>
				<string>$(TARGET_NAME)</string>
			</dict>
			<key>isa</key>
			<string>XCBuildConfiguration</string>
			<key>name</key>
			<string>Debug</string>
		</dict>
		<key>8A68655F1E52B96700785BB5</key>
		<dict>
			<key>baseConfigurationReference</key>
			<string>A8FB066CE43852EBD3DD72B0</string>
			<key>buildSettings</key>
			<dict>
				<key>ASSETCATALOG_COMPILER_APPICON_NAME</key>
				<string>AppIcon</string>
				<key>DEVELOPMENT_TEAM</key>
				<string>53JXDE67QG</string>
				<key>INFOPLIST_FILE</key>
				<string>MovieSearchEngine/Info.plist</string>
				<key>IPHONEOS_DEPLOYMENT_TARGET</key>
				<string>8.0</string>
				<key>LD_RUNPATH_SEARCH_PATHS</key>
				<string>$(inherited) @executable_path/Frameworks</string>
				<key>PRODUCT_BUNDLE_IDENTIFIER</key>
				<string>com.clouds.MovieSearchEngine</string>
				<key>PRODUCT_NAME</key>
				<string>$(TARGET_NAME)</string>
			</dict>
			<key>isa</key>
			<string>XCBuildConfiguration</string>
			<key>name</key>
			<string>Release</string>
		</dict>
		<key>8A6865601E52B96700785BB5</key>
		<dict>
			<key>buildConfigurations</key>
			<array>
				<string>8A6865611E52B96700785BB5</string>
				<string>8A6865621E52B96700785BB5</string>
			</array>
			<key>defaultConfigurationIsVisible</key>
			<string>0</string>
			<key>defaultConfigurationName</key>
			<string>Release</string>
			<key>isa</key>
			<string>XCConfigurationList</string>
		</dict>
		<key>8A6865611E52B96700785BB5</key>
		<dict>
			<key>baseConfigurationReference</key>
			<string>66A8AF311BA276E7311AD24B</string>
			<key>buildSettings</key>
			<dict>
				<key>BUNDLE_LOADER</key>
				<string>$(TEST_HOST)</string>
				<key>INFOPLIST_FILE</key>
				<string>MovieSearchEngineTests/Info.plist</string>
				<key>LD_RUNPATH_SEARCH_PATHS</key>
				<string>$(inherited) @executable_path/Frameworks @loader_path/Frameworks</string>
				<key>PRODUCT_BUNDLE_IDENTIFIER</key>
				<string>com.clouds.MovieSearchEngineTests</string>
				<key>PRODUCT_NAME</key>
				<string>$(TARGET_NAME)</string>
				<key>TEST_HOST</key>
				<string>$(BUILT_PRODUCTS_DIR)/MovieSearchEngine.app/MovieSearchEngine</string>
			</dict>
			<key>isa</key>
			<string>XCBuildConfiguration</string>
			<key>name</key>
			<string>Debug</string>
		</dict>
		<key>8A6865621E52B96700785BB5</key>
		<dict>
			<key>baseConfigurationReference</key>
			<string>A30FF843C8D155E6F0AEBBAD</string>
			<key>buildSettings</key>
			<dict>
				<key>BUNDLE_LOADER</key>
				<string>$(TEST_HOST)</string>
				<key>INFOPLIST_FILE</key>
				<string>MovieSearchEngineTests/Info.plist</string>
				<key>LD_RUNPATH_SEARCH_PATHS</key>
				<string>$(inherited) @executable_path/Frameworks @loader_path/Frameworks</string>
				<key>PRODUCT_BUNDLE_IDENTIFIER</key>
				<string>com.clouds.MovieSearchEngineTests</string>
				<key>PRODUCT_NAME</key>
				<string>$(TARGET_NAME)</string>
				<key>TEST_HOST</key>
				<string>$(BUILT_PRODUCTS_DIR)/MovieSearchEngine.app/MovieSearchEngine</string>
			</dict>
			<key>isa</key>
			<string>XCBuildConfiguration</string>
			<key>name</key>
			<string>Release</string>
		</dict>
		<key>8A6865631E52B96700785BB5</key>
		<dict>
			<key>buildConfigurations</key>
			<array>
				<string>8A6865641E52B96700785BB5</string>
				<string>8A6865651E52B96700785BB5</string>
			</array>
			<key>defaultConfigurationIsVisible</key>
			<string>0</string>
			<key>defaultConfigurationName</key>
			<string>Release</string>
			<key>isa</key>
			<string>XCConfigurationList</string>
		</dict>
		<key>8A6865641E52B96700785BB5</key>
		<dict>
			<key>buildSettings</key>
			<dict>
				<key>INFOPLIST_FILE</key>
				<string>MovieSearchEngineUITests/Info.plist</string>
				<key>LD_RUNPATH_SEARCH_PATHS</key>
				<string>$(inherited) @executable_path/Frameworks @loader_path/Frameworks</string>
				<key>PRODUCT_BUNDLE_IDENTIFIER</key>
				<string>com.clouds.MovieSearchEngineUITests</string>
				<key>PRODUCT_NAME</key>
				<string>$(TARGET_NAME)</string>
				<key>TEST_TARGET_NAME</key>
				<string>MovieSearchEngine</string>
			</dict>
			<key>isa</key>
			<string>XCBuildConfiguration</string>
			<key>name</key>
			<string>Debug</string>
		</dict>
		<key>8A6865651E52B96700785BB5</key>
		<dict>
			<key>buildSettings</key>
			<dict>
				<key>INFOPLIST_FILE</key>
				<string>MovieSearchEngineUITests/Info.plist</string>
				<key>LD_RUNPATH_SEARCH_PATHS</key>
				<string>$(inherited) @executable_path/Frameworks @loader_path/Frameworks</string>
				<key>PRODUCT_BUNDLE_IDENTIFIER</key>
				<string>com.clouds.MovieSearchEngineUITests</string>
				<key>PRODUCT_NAME</key>
				<string>$(TARGET_NAME)</string>
				<key>TEST_TARGET_NAME</key>
				<string>MovieSearchEngine</string>
			</dict>
			<key>isa</key>
			<string>XCBuildConfiguration</string>
			<key>name</key>
			<string>Release</string>
		</dict>
		<key>8A6865661E52BA6F00785BB5</key>
		<dict>
			<key>fileEncoding</key>
			<string>4</string>
			<key>isa</key>
			<string>PBXFileReference</string>
			<key>lastKnownFileType</key>
			<string>sourcecode.c.h</string>
			<key>path</key>
			<string>APIAgent.h</string>
			<key>sourceTree</key>
			<string>&lt;group&gt;</string>
		</dict>
		<key>8A6865671E52BA8200785BB5</key>
		<dict>
			<key>fileEncoding</key>
			<string>4</string>
			<key>isa</key>
			<string>PBXFileReference</string>
			<key>lastKnownFileType</key>
			<string>sourcecode.c.objc</string>
			<key>path</key>
			<string>APIAgent.m</string>
			<key>sourceTree</key>
			<string>&lt;group&gt;</string>
		</dict>
		<key>8A6865681E52BA8200785BB5</key>
		<dict>
			<key>fileRef</key>
			<string>8A6865671E52BA8200785BB5</string>
			<key>isa</key>
			<string>PBXBuildFile</string>
		</dict>
		<key>8A6865691E52BA8200785BB5</key>
		<dict>
			<key>fileRef</key>
			<string>8A6865671E52BA8200785BB5</string>
			<key>isa</key>
			<string>PBXBuildFile</string>
		</dict>
		<key>8A68656A1E52BA8200785BB5</key>
		<dict>
			<key>fileRef</key>
			<string>8A6865671E52BA8200785BB5</string>
			<key>isa</key>
			<string>PBXBuildFile</string>
		</dict>
		<key>8A68656B1E52BCEE00785BB5</key>
		<dict>
			<key>fileEncoding</key>
			<string>4</string>
			<key>isa</key>
			<string>PBXFileReference</string>
			<key>lastKnownFileType</key>
			<string>sourcecode.c.h</string>
			<key>path</key>
			<string>Constants.h</string>
			<key>sourceTree</key>
			<string>&lt;group&gt;</string>
		</dict>
		<key>8A68656C1E52BDFA00785BB5</key>
		<dict>
			<key>fileEncoding</key>
			<string>4</string>
			<key>isa</key>
			<string>PBXFileReference</string>
			<key>lastKnownFileType</key>
			<string>sourcecode.c.h</string>
			<key>path</key>
			<string>ServerAgent.h</string>
			<key>sourceTree</key>
			<string>&lt;group&gt;</string>
		</dict>
		<key>8A68656D1E52BE0800785BB5</key>
		<dict>
			<key>fileEncoding</key>
			<string>4</string>
			<key>isa</key>
			<string>PBXFileReference</string>
			<key>lastKnownFileType</key>
			<string>sourcecode.c.objc</string>
			<key>path</key>
			<string>ServerAgent.m</string>
			<key>sourceTree</key>
			<string>&lt;group&gt;</string>
		</dict>
		<key>8A68656E1E52BE0800785BB5</key>
		<dict>
			<key>fileRef</key>
			<string>8A68656D1E52BE0800785BB5</string>
			<key>isa</key>
			<string>PBXBuildFile</string>
		</dict>
		<key>8A68656F1E52BE0800785BB5</key>
		<dict>
			<key>fileRef</key>
			<string>8A68656D1E52BE0800785BB5</string>
			<key>isa</key>
			<string>PBXBuildFile</string>
		</dict>
		<key>8A6865701E52BE0800785BB5</key>
		<dict>
			<key>fileRef</key>
			<string>8A68656D1E52BE0800785BB5</string>
			<key>isa</key>
			<string>PBXBuildFile</string>
		</dict>
		<key>8A6865711E52C76700785BB5</key>
		<dict>
			<key>fileEncoding</key>
			<string>4</string>
			<key>isa</key>
			<string>PBXFileReference</string>
			<key>lastKnownFileType</key>
			<string>sourcecode.c.h</string>
			<key>path</key>
			<string>MovieTableViewCell.h</string>
			<key>sourceTree</key>
			<string>&lt;group&gt;</string>
		</dict>
		<key>8A6865721E52C77700785BB5</key>
		<dict>
			<key>fileEncoding</key>
			<string>4</string>
			<key>isa</key>
			<string>PBXFileReference</string>
			<key>lastKnownFileType</key>
			<string>sourcecode.c.objc</string>
			<key>path</key>
			<string>MovieTableViewCell.m</string>
			<key>sourceTree</key>
			<string>&lt;group&gt;</string>
		</dict>
		<key>8A6865731E52C77700785BB5</key>
		<dict>
			<key>fileRef</key>
			<string>8A6865721E52C77700785BB5</string>
			<key>isa</key>
			<string>PBXBuildFile</string>
		</dict>
		<key>8A6865741E52C77700785BB5</key>
		<dict>
			<key>fileRef</key>
			<string>8A6865721E52C77700785BB5</string>
			<key>isa</key>
			<string>PBXBuildFile</string>
		</dict>
		<key>8A6865751E52C77700785BB5</key>
		<dict>
			<key>fileRef</key>
			<string>8A6865721E52C77700785BB5</string>
			<key>isa</key>
			<string>PBXBuildFile</string>
		</dict>
		<key>8A6865761E52D48A00785BB5</key>
		<dict>
			<key>isa</key>
			<string>PBXFileReference</string>
			<key>lastKnownFileType</key>
			<string>image.png</string>
			<key>path</key>
			<string>twitter.png</string>
			<key>sourceTree</key>
			<string>&lt;group&gt;</string>
		</dict>
		<key>8A6865771E52D48A00785BB5</key>
		<dict>
			<key>fileRef</key>
			<string>8A6865761E52D48A00785BB5</string>
			<key>isa</key>
			<string>PBXBuildFile</string>
		</dict>
		<key>8A6865781E52D48A00785BB5</key>
		<dict>
			<key>fileRef</key>
			<string>8A6865761E52D48A00785BB5</string>
			<key>isa</key>
			<string>PBXBuildFile</string>
		</dict>
		<key>8A6865791E52D48A00785BB5</key>
		<dict>
			<key>fileRef</key>
			<string>8A6865761E52D48A00785BB5</string>
			<key>isa</key>
			<string>PBXBuildFile</string>
		</dict>
		<key>8AABA2DD1E5427E60047011B</key>
		<dict>
			<key>fileEncoding</key>
			<string>4</string>
			<key>isa</key>
			<string>PBXFileReference</string>
			<key>lastKnownFileType</key>
			<string>sourcecode.c.objc</string>
			<key>path</key>
			<string>UnitBasicTests.m</string>
			<key>sourceTree</key>
			<string>&lt;group&gt;</string>
		</dict>
		<key>8AABA2DE1E5427E60047011B</key>
		<dict>
			<key>fileRef</key>
			<string>8AABA2DD1E5427E60047011B</string>
			<key>isa</key>
			<string>PBXBuildFile</string>
		</dict>
		<key>A30FF843C8D155E6F0AEBBAD</key>
		<dict>
			<key>includeInIndex</key>
			<string>1</string>
			<key>isa</key>
			<string>PBXFileReference</string>
			<key>lastKnownFileType</key>
			<string>text.xcconfig</string>
			<key>name</key>
			<string>Pods-MovieSearchEngineTests.release.xcconfig</string>
			<key>path</key>
			<string>Pods/Target Support Files/Pods-MovieSearchEngineTests/Pods-MovieSearchEngineTests.release.xcconfig</string>
			<key>sourceTree</key>
			<string>&lt;group&gt;</string>
		</dict>
		<key>A8FB066CE43852EBD3DD72B0</key>
		<dict>
			<key>includeInIndex</key>
			<string>1</string>
			<key>isa</key>
			<string>PBXFileReference</string>
			<key>lastKnownFileType</key>
			<string>text.xcconfig</string>
			<key>name</key>
			<string>Pods-MovieSearchEngine.release.xcconfig</string>
			<key>path</key>
			<string>Pods/Target Support Files/Pods-MovieSearchEngine/Pods-MovieSearchEngine.release.xcconfig</string>
			<key>sourceTree</key>
			<string>&lt;group&gt;</string>
		</dict>
		<key>CC464672980ACA33B86DE924</key>
		<dict>
			<key>buildActionMask</key>
			<string>2147483647</string>
			<key>files</key>
			<array/>
			<key>inputPaths</key>
			<array/>
			<key>isa</key>
			<string>PBXShellScriptBuildPhase</string>
			<key>name</key>
			<string>[CP] Check Pods Manifest.lock</string>
			<key>outputPaths</key>
			<array/>
			<key>runOnlyForDeploymentPostprocessing</key>
			<string>0</string>
			<key>shellPath</key>
			<string>/bin/sh</string>
			<key>shellScript</key>
			<string>diff "${PODS_ROOT}/../Podfile.lock" "${PODS_ROOT}/Manifest.lock" &gt; /dev/null
if [[ $? != 0 ]] ; then
    cat &lt;&lt; EOM
error: The sandbox is not in sync with the Podfile.lock. Run 'pod install' or update your CocoaPods installation.
EOM
    exit 1
fi
</string>
			<key>showEnvVarsInLog</key>
			<string>0</string>
		</dict>
		<key>EE5242261C4CAF4AB056C444</key>
		<dict>
			<key>includeInIndex</key>
			<string>1</string>
			<key>isa</key>
			<string>PBXFileReference</string>
			<key>lastKnownFileType</key>
			<string>text.xcconfig</string>
			<key>name</key>
			<string>Pods-MovieSearchEngine.debug.xcconfig</string>
			<key>path</key>
			<string>Pods/Target Support Files/Pods-MovieSearchEngine/Pods-MovieSearchEngine.debug.xcconfig</string>
			<key>sourceTree</key>
			<string>&lt;group&gt;</string>
		</dict>
	</dict>
	<key>rootObject</key>
	<string>8A6865251E52B96700785BB5</string>
</dict>
</plist>
